
Microsoft Visual Studio Solution File, Format Version 12.00
# Visual Studio Version 17
VisualStudioVersion = 17.8.34330.188
MinimumVisualStudioVersion = 10.0.40219.1
Project("{9A19103F-16F7-4668-BE54-9A1E7A4F7556}") = "BanglaTracker.API", "BanglaTracker.API\BanglaTracker.API.csproj", "{7149A5D5-946A-4452-97B6-5B1F7ADAC5D7}"
EndProject
Project("{FAE04EC0-301F-11D3-BF4B-00C04F79EFBC}") = "BanglaTracker.Core", "BanglaTracker.Core\BanglaTracker.Core.csproj", "{865DB6A3-1338-432D-BB05-DB33F411AF87}"
EndProject
Project("{FAE04EC0-301F-11D3-BF4B-00C04F79EFBC}") = "BanglaTracker.BLL", "BanglaTracker.BLL\BanglaTracker.BLL.csproj", "{8A81C144-CB85-48E2-9FEC-1760E3C63A23}"
EndProject
Project("{FAE04EC0-301F-11D3-BF4B-00C04F79EFBC}") = "BanglaTracker.Infrastructure", "BanglaTracker.Infrastructure\BanglaTracker.Infrastructure.csproj", "{89F94416-AD6F-4F65-960B-85A0946FB780}"
EndProject
Global
	GlobalSection(SolutionConfigurationPlatforms) = preSolution
		Debug|Any CPU = Debug|Any CPU
		Release|Any CPU = Release|Any CPU
	EndGlobalSection
	GlobalSection(ProjectConfigurationPlatforms) = postSolution
		{7149A5D5-946A-4452-97B6-5B1F7ADAC5D7}.Debug|Any CPU.ActiveCfg = Debug|Any CPU
		{7149A5D5-946A-4452-97B6-5B1F7ADAC5D7}.Debug|Any CPU.Build.0 = Debug|Any CPU
		{7149A5D5-946A-4452-97B6-5B1F7ADAC5D7}.Release|Any CPU.ActiveCfg = Release|Any CPU
		{7149A5D5-946A-4452-97B6-5B1F7ADAC5D7}.Release|Any CPU.Build.0 = Release|Any CPU
		{865DB6A3-1338-432D-BB05-DB33F411AF87}.Debug|Any CPU.ActiveCfg = Debug|Any CPU
		{865DB6A3-1338-432D-BB05-DB33F411AF87}.Debug|Any CPU.Build.0 = Debug|Any CPU
		{865DB6A3-1338-432D-BB05-DB33F411AF87}.Release|Any CPU.ActiveCfg = Release|Any CPU
		{865DB6A3-1338-432D-BB05-DB33F411AF87}.Release|Any CPU.Build.0 = Release|Any CPU
		{8A81C144-CB85-48E2-9FEC-1760E3C63A23}.Debug|Any CPU.ActiveCfg = Debug|Any CPU
		{8A81C144-CB85-48E2-9FEC-1760E3C63A23}.Debug|Any CPU.Build.0 = Debug|Any CPU
		{8A81C144-CB85-48E2-9FEC-1760E3C63A23}.Release|Any CPU.ActiveCfg = Release|Any CPU
		{8A81C144-CB85-48E2-9FEC-1760E3C63A23}.Release|Any CPU.Build.0 = Release|Any CPU
		{89F94416-AD6F-4F65-960B-85A0946FB780}.Debug|Any CPU.ActiveCfg = Debug|Any CPU
		{89F94416-AD6F-4F65-960B-85A0946FB780}.Debug|Any CPU.Build.0 = Debug|Any CPU
		{89F94416-AD6F-4F65-960B-85A0946FB780}.Release|Any CPU.ActiveCfg = Release|Any CPU
		{89F94416-AD6F-4F65-960B-85A0946FB780}.Release|Any CPU.Build.0 = Release|Any CPU
	EndGlobalSection
	GlobalSection(SolutionProperties) = preSolution
		HideSolutionNode = FALSE
	EndGlobalSection
	GlobalSection(ExtensibilityGlobals) = postSolution
		SolutionGuid = {70FBAC3A-1CBE-4FB3-841C-86456C37C279}
	EndGlobalSection
EndGlobal
